
Microsoft Visual Studio Solution File, Format Version 12.00
# Visual Studio Version 16
VisualStudioVersion = 16.0.31911.196
MinimumVisualStudioVersion = 10.0.40219.1
Project("{FAE04EC0-301F-11D3-BF4B-00C04F79EFBC}") = "EntityFraameworkCore_AspNet", "EntityFraameworkCore_AspNet\EntityFraameworkCore_AspNet.csproj", "{D95A0DBE-E2F6-40B4-9410-953DDE160C93}"
EndProject
Project("{FAE04EC0-301F-11D3-BF4B-00C04F79EFBC}") = "EfCore.Domnio", "EfCore.Domnio\EfCore.Domnio.csproj", "{09F8D1E1-D90A-4A0E-8108-5AAD46AB3590}"
EndProject
Project("{FAE04EC0-301F-11D3-BF4B-00C04F79EFBC}") = "EfCore.Repository", "EfCore.Repository\EfCore.Repository.csproj", "{D57D87F7-0D6F-460D-8A88-BFD901915A8F}"
EndProject
Global
	GlobalSection(SolutionConfigurationPlatforms) = preSolution
		Debug|Any CPU = Debug|Any CPU
		Release|Any CPU = Release|Any CPU
	EndGlobalSection
	GlobalSection(ProjectConfigurationPlatforms) = postSolution
		{D95A0DBE-E2F6-40B4-9410-953DDE160C93}.Debug|Any CPU.ActiveCfg = Debug|Any CPU
		{D95A0DBE-E2F6-40B4-9410-953DDE160C93}.Debug|Any CPU.Build.0 = Debug|Any CPU
		{D95A0DBE-E2F6-40B4-9410-953DDE160C93}.Release|Any CPU.ActiveCfg = Release|Any CPU
		{D95A0DBE-E2F6-40B4-9410-953DDE160C93}.Release|Any CPU.Build.0 = Release|Any CPU
		{09F8D1E1-D90A-4A0E-8108-5AAD46AB3590}.Debug|Any CPU.ActiveCfg = Debug|Any CPU
		{09F8D1E1-D90A-4A0E-8108-5AAD46AB3590}.Debug|Any CPU.Build.0 = Debug|Any CPU
		{09F8D1E1-D90A-4A0E-8108-5AAD46AB3590}.Release|Any CPU.ActiveCfg = Release|Any CPU
		{09F8D1E1-D90A-4A0E-8108-5AAD46AB3590}.Release|Any CPU.Build.0 = Release|Any CPU
		{D57D87F7-0D6F-460D-8A88-BFD901915A8F}.Debug|Any CPU.ActiveCfg = Debug|Any CPU
		{D57D87F7-0D6F-460D-8A88-BFD901915A8F}.Debug|Any CPU.Build.0 = Debug|Any CPU
		{D57D87F7-0D6F-460D-8A88-BFD901915A8F}.Release|Any CPU.ActiveCfg = Release|Any CPU
		{D57D87F7-0D6F-460D-8A88-BFD901915A8F}.Release|Any CPU.Build.0 = Release|Any CPU
	EndGlobalSection
	GlobalSection(SolutionProperties) = preSolution
		HideSolutionNode = FALSE
	EndGlobalSection
	GlobalSection(ExtensibilityGlobals) = postSolution
		SolutionGuid = {58E503CB-7405-4F09-B561-D29F91541662}
	EndGlobalSection
EndGlobal
